<?xml version="1.0" encoding="UTF-8" standalone="yes" ?>
<CodeBlocks_project_file>
	<FileVersion major="1" minor="6" />
	<Project>
		<Option title="Gauss seidel_Jacobi method" />
		<Option pch_mode="2" />
		<Option compiler="gcc" />
		<Build>
			<Target title="Debug">
				<Option output="bin/Debug/Gauss seidel_Jacobi method" prefix_auto="1" extension_auto="1" />
				<Option object_output="obj/Debug/" />
				<Option type="1" />
				<Option compiler="gcc" />
				<Compiler>
					<Add option="-g" />
				</Compiler>
			</Target>
			<Target title="Release">
				<Option output="bin/Release/Gauss seidel_Jacobi method" prefix_auto="1" extension_auto="1" />
				<Option object_output="obj/Release/" />
				<Option type="1" />
				<Option compiler="gcc" />
				<Compiler>
					<Add option="-O2" />
				</Compiler>
				<Linker>
					<Add option="-s" />
				</Linker>
			</Target>
		</Build>
		<Compiler>
			<Add option="-Wall" />
			<Add option="-fexceptions" />
		</Compiler>
		<Unit filename="Aux_Functions.hpp" />
		<Unit filename="Aux_implement.cpp" />
		<Unit filename="Gauss_Siedel.cpp" />
		<Unit filename="Intro.cpp" />
		<Unit filename="Iteration_Methods.hpp" />
		<Unit filename="Jacobi.cpp" />
		<Unit filename="Main.cpp" />
		<Unit filename="Matrix_Functions.hpp" />
		<Unit filename="Matrix_Implement.cpp" />
		<Unit filename="intro.hpp" />
		<Extensions>
			<lib_finder disable_auto="1" />
		</Extensions>
	</Project>
</CodeBlocks_project_file>
